
Microsoft Visual Studio Solution File, Format Version 12.00
# Visual Studio Version 16
VisualStudioVersion = 16.0.29102.190
MinimumVisualStudioVersion = 10.0.40219.1
Project("{FAE04EC0-301F-11D3-BF4B-00C04F79EFBC}") = "3rd_lab_task_9_while", "3rd_lab_task_9_while\3rd_lab_task_9_while.csproj", "{FFB6D866-9789-48BE-8FA9-2D68C88DAB6D}"
EndProject
Global
	GlobalSection(SolutionConfigurationPlatforms) = preSolution
		Debug|Any CPU = Debug|Any CPU
		Release|Any CPU = Release|Any CPU
	EndGlobalSection
	GlobalSection(ProjectConfigurationPlatforms) = postSolution
		{FFB6D866-9789-48BE-8FA9-2D68C88DAB6D}.Debug|Any CPU.ActiveCfg = Debug|Any CPU
		{FFB6D866-9789-48BE-8FA9-2D68C88DAB6D}.Debug|Any CPU.Build.0 = Debug|Any CPU
		{FFB6D866-9789-48BE-8FA9-2D68C88DAB6D}.Release|Any CPU.ActiveCfg = Release|Any CPU
		{FFB6D866-9789-48BE-8FA9-2D68C88DAB6D}.Release|Any CPU.Build.0 = Release|Any CPU
	EndGlobalSection
	GlobalSection(SolutionProperties) = preSolution
		HideSolutionNode = FALSE
	EndGlobalSection
	GlobalSection(ExtensibilityGlobals) = postSolution
		SolutionGuid = {794B7102-8BE6-4638-B28E-70591581F81E}
	EndGlobalSection
EndGlobal
