
Microsoft Visual Studio Solution File, Format Version 12.00
# Visual Studio Version 16
VisualStudioVersion = 16.0.29102.190
MinimumVisualStudioVersion = 10.0.40219.1
Project("{FAE04EC0-301F-11D3-BF4B-00C04F79EFBC}") = "2nd_lab_task_15", "2nd_lab_task_15\2nd_lab_task_15.csproj", "{071C2E8F-21CD-4B31-9458-BF4BF4EEDEB8}"
EndProject
Global
	GlobalSection(SolutionConfigurationPlatforms) = preSolution
		Debug|Any CPU = Debug|Any CPU
		Release|Any CPU = Release|Any CPU
	EndGlobalSection
	GlobalSection(ProjectConfigurationPlatforms) = postSolution
		{071C2E8F-21CD-4B31-9458-BF4BF4EEDEB8}.Debug|Any CPU.ActiveCfg = Debug|Any CPU
		{071C2E8F-21CD-4B31-9458-BF4BF4EEDEB8}.Debug|Any CPU.Build.0 = Debug|Any CPU
		{071C2E8F-21CD-4B31-9458-BF4BF4EEDEB8}.Release|Any CPU.ActiveCfg = Release|Any CPU
		{071C2E8F-21CD-4B31-9458-BF4BF4EEDEB8}.Release|Any CPU.Build.0 = Release|Any CPU
	EndGlobalSection
	GlobalSection(SolutionProperties) = preSolution
		HideSolutionNode = FALSE
	EndGlobalSection
	GlobalSection(ExtensibilityGlobals) = postSolution
		SolutionGuid = {23A42703-B6A8-41D8-AE84-D8546E39A15B}
	EndGlobalSection
EndGlobal
