
Microsoft Visual Studio Solution File, Format Version 12.00
# Visual Studio Version 16
VisualStudioVersion = 16.0.29102.190
MinimumVisualStudioVersion = 10.0.40219.1
Project("{FAE04EC0-301F-11D3-BF4B-00C04F79EFBC}") = "3rd_lab_task_2_dowhile", "3rd_lab_task_2_dowhile\3rd_lab_task_2_dowhile.csproj", "{5D75233C-70E9-4D65-9DAA-3888C87EC21A}"
EndProject
Global
	GlobalSection(SolutionConfigurationPlatforms) = preSolution
		Debug|Any CPU = Debug|Any CPU
		Release|Any CPU = Release|Any CPU
	EndGlobalSection
	GlobalSection(ProjectConfigurationPlatforms) = postSolution
		{5D75233C-70E9-4D65-9DAA-3888C87EC21A}.Debug|Any CPU.ActiveCfg = Debug|Any CPU
		{5D75233C-70E9-4D65-9DAA-3888C87EC21A}.Debug|Any CPU.Build.0 = Debug|Any CPU
		{5D75233C-70E9-4D65-9DAA-3888C87EC21A}.Release|Any CPU.ActiveCfg = Release|Any CPU
		{5D75233C-70E9-4D65-9DAA-3888C87EC21A}.Release|Any CPU.Build.0 = Release|Any CPU
	EndGlobalSection
	GlobalSection(SolutionProperties) = preSolution
		HideSolutionNode = FALSE
	EndGlobalSection
	GlobalSection(ExtensibilityGlobals) = postSolution
		SolutionGuid = {7B562F3C-6846-4692-BD4D-1D8A30A904CE}
	EndGlobalSection
EndGlobal
