
Microsoft Visual Studio Solution File, Format Version 12.00
# Visual Studio Version 16
VisualStudioVersion = 16.0.29102.190
MinimumVisualStudioVersion = 10.0.40219.1
Project("{FAE04EC0-301F-11D3-BF4B-00C04F79EFBC}") = "3rd_lab_task_2_for", "3rd_lab_task_2_for\3rd_lab_task_2_for.csproj", "{5AF56CC3-DFB8-46F8-A992-7A4B10D2BCD2}"
EndProject
Global
	GlobalSection(SolutionConfigurationPlatforms) = preSolution
		Debug|Any CPU = Debug|Any CPU
		Release|Any CPU = Release|Any CPU
	EndGlobalSection
	GlobalSection(ProjectConfigurationPlatforms) = postSolution
		{5AF56CC3-DFB8-46F8-A992-7A4B10D2BCD2}.Debug|Any CPU.ActiveCfg = Debug|Any CPU
		{5AF56CC3-DFB8-46F8-A992-7A4B10D2BCD2}.Debug|Any CPU.Build.0 = Debug|Any CPU
		{5AF56CC3-DFB8-46F8-A992-7A4B10D2BCD2}.Release|Any CPU.ActiveCfg = Release|Any CPU
		{5AF56CC3-DFB8-46F8-A992-7A4B10D2BCD2}.Release|Any CPU.Build.0 = Release|Any CPU
	EndGlobalSection
	GlobalSection(SolutionProperties) = preSolution
		HideSolutionNode = FALSE
	EndGlobalSection
	GlobalSection(ExtensibilityGlobals) = postSolution
		SolutionGuid = {F3CCCC0E-A766-4781-A2F6-C35DB87DAA40}
	EndGlobalSection
EndGlobal
