
Microsoft Visual Studio Solution File, Format Version 12.00
# Visual Studio Version 16
VisualStudioVersion = 16.0.29102.190
MinimumVisualStudioVersion = 10.0.40219.1
Project("{FAE04EC0-301F-11D3-BF4B-00C04F79EFBC}") = "3rd_lab_task_10_while", "3rd_lab_task_10_while\3rd_lab_task_10_while.csproj", "{AF1748E0-31C4-4B5F-8E90-91E7D3DB71D6}"
EndProject
Global
	GlobalSection(SolutionConfigurationPlatforms) = preSolution
		Debug|Any CPU = Debug|Any CPU
		Release|Any CPU = Release|Any CPU
	EndGlobalSection
	GlobalSection(ProjectConfigurationPlatforms) = postSolution
		{AF1748E0-31C4-4B5F-8E90-91E7D3DB71D6}.Debug|Any CPU.ActiveCfg = Debug|Any CPU
		{AF1748E0-31C4-4B5F-8E90-91E7D3DB71D6}.Debug|Any CPU.Build.0 = Debug|Any CPU
		{AF1748E0-31C4-4B5F-8E90-91E7D3DB71D6}.Release|Any CPU.ActiveCfg = Release|Any CPU
		{AF1748E0-31C4-4B5F-8E90-91E7D3DB71D6}.Release|Any CPU.Build.0 = Release|Any CPU
	EndGlobalSection
	GlobalSection(SolutionProperties) = preSolution
		HideSolutionNode = FALSE
	EndGlobalSection
	GlobalSection(ExtensibilityGlobals) = postSolution
		SolutionGuid = {33D0ACD6-0E94-4463-B178-5A530726585A}
	EndGlobalSection
EndGlobal
