
Microsoft Visual Studio Solution File, Format Version 12.00
# Visual Studio Version 16
VisualStudioVersion = 16.0.29102.190
MinimumVisualStudioVersion = 10.0.40219.1
Project("{FAE04EC0-301F-11D3-BF4B-00C04F79EFBC}") = "3rd_lab_task_3_while", "3rd_lab_task_3_while\3rd_lab_task_3_while.csproj", "{D852095B-4E20-4A9A-B495-51B295A1C080}"
EndProject
Global
	GlobalSection(SolutionConfigurationPlatforms) = preSolution
		Debug|Any CPU = Debug|Any CPU
		Release|Any CPU = Release|Any CPU
	EndGlobalSection
	GlobalSection(ProjectConfigurationPlatforms) = postSolution
		{D852095B-4E20-4A9A-B495-51B295A1C080}.Debug|Any CPU.ActiveCfg = Debug|Any CPU
		{D852095B-4E20-4A9A-B495-51B295A1C080}.Debug|Any CPU.Build.0 = Debug|Any CPU
		{D852095B-4E20-4A9A-B495-51B295A1C080}.Release|Any CPU.ActiveCfg = Release|Any CPU
		{D852095B-4E20-4A9A-B495-51B295A1C080}.Release|Any CPU.Build.0 = Release|Any CPU
	EndGlobalSection
	GlobalSection(SolutionProperties) = preSolution
		HideSolutionNode = FALSE
	EndGlobalSection
	GlobalSection(ExtensibilityGlobals) = postSolution
		SolutionGuid = {BE098999-5F78-441F-925E-645D4C3928C0}
	EndGlobalSection
EndGlobal
