
Microsoft Visual Studio Solution File, Format Version 12.00
# Visual Studio Version 16
VisualStudioVersion = 16.0.29519.87
MinimumVisualStudioVersion = 10.0.40219.1
Project("{FAE04EC0-301F-11D3-BF4B-00C04F79EFBC}") = "naimenjshee", "naimenjshee\naimenjshee.csproj", "{1078205F-53BF-4B88-853E-4F1C313D216C}"
EndProject
Global
	GlobalSection(SolutionConfigurationPlatforms) = preSolution
		Debug|Any CPU = Debug|Any CPU
		Release|Any CPU = Release|Any CPU
	EndGlobalSection
	GlobalSection(ProjectConfigurationPlatforms) = postSolution
		{1078205F-53BF-4B88-853E-4F1C313D216C}.Debug|Any CPU.ActiveCfg = Debug|Any CPU
		{1078205F-53BF-4B88-853E-4F1C313D216C}.Debug|Any CPU.Build.0 = Debug|Any CPU
		{1078205F-53BF-4B88-853E-4F1C313D216C}.Release|Any CPU.ActiveCfg = Release|Any CPU
		{1078205F-53BF-4B88-853E-4F1C313D216C}.Release|Any CPU.Build.0 = Release|Any CPU
	EndGlobalSection
	GlobalSection(SolutionProperties) = preSolution
		HideSolutionNode = FALSE
	EndGlobalSection
	GlobalSection(ExtensibilityGlobals) = postSolution
		SolutionGuid = {529BC5C9-8558-4CC0-AE92-39BB96A56EEB}
	EndGlobalSection
EndGlobal
