
Microsoft Visual Studio Solution File, Format Version 12.00
# Visual Studio Version 16
VisualStudioVersion = 16.0.29102.190
MinimumVisualStudioVersion = 10.0.40219.1
Project("{FAE04EC0-301F-11D3-BF4B-00C04F79EFBC}") = "3rd_lab_task_9_dowhile", "3rd_lab_task_9_dowhile\3rd_lab_task_9_dowhile.csproj", "{BCD1ACAB-5C33-46A9-9949-8FE623C7E3F1}"
EndProject
Global
	GlobalSection(SolutionConfigurationPlatforms) = preSolution
		Debug|Any CPU = Debug|Any CPU
		Release|Any CPU = Release|Any CPU
	EndGlobalSection
	GlobalSection(ProjectConfigurationPlatforms) = postSolution
		{BCD1ACAB-5C33-46A9-9949-8FE623C7E3F1}.Debug|Any CPU.ActiveCfg = Debug|Any CPU
		{BCD1ACAB-5C33-46A9-9949-8FE623C7E3F1}.Debug|Any CPU.Build.0 = Debug|Any CPU
		{BCD1ACAB-5C33-46A9-9949-8FE623C7E3F1}.Release|Any CPU.ActiveCfg = Release|Any CPU
		{BCD1ACAB-5C33-46A9-9949-8FE623C7E3F1}.Release|Any CPU.Build.0 = Release|Any CPU
	EndGlobalSection
	GlobalSection(SolutionProperties) = preSolution
		HideSolutionNode = FALSE
	EndGlobalSection
	GlobalSection(ExtensibilityGlobals) = postSolution
		SolutionGuid = {854E0FF0-7AD5-4793-965B-1A98D72FD2F0}
	EndGlobalSection
EndGlobal
