
Microsoft Visual Studio Solution File, Format Version 12.00
# Visual Studio Version 16
VisualStudioVersion = 16.0.29102.190
MinimumVisualStudioVersion = 10.0.40219.1
Project("{FAE04EC0-301F-11D3-BF4B-00C04F79EFBC}") = "3rd_lab_task_6_for", "3rd_lab_task_6_for\3rd_lab_task_6_for.csproj", "{BE760F39-6598-43E3-9084-CA75A95153F9}"
EndProject
Global
	GlobalSection(SolutionConfigurationPlatforms) = preSolution
		Debug|Any CPU = Debug|Any CPU
		Release|Any CPU = Release|Any CPU
	EndGlobalSection
	GlobalSection(ProjectConfigurationPlatforms) = postSolution
		{BE760F39-6598-43E3-9084-CA75A95153F9}.Debug|Any CPU.ActiveCfg = Debug|Any CPU
		{BE760F39-6598-43E3-9084-CA75A95153F9}.Debug|Any CPU.Build.0 = Debug|Any CPU
		{BE760F39-6598-43E3-9084-CA75A95153F9}.Release|Any CPU.ActiveCfg = Release|Any CPU
		{BE760F39-6598-43E3-9084-CA75A95153F9}.Release|Any CPU.Build.0 = Release|Any CPU
	EndGlobalSection
	GlobalSection(SolutionProperties) = preSolution
		HideSolutionNode = FALSE
	EndGlobalSection
	GlobalSection(ExtensibilityGlobals) = postSolution
		SolutionGuid = {12EFF24D-4CD5-4FAF-AB68-2D42C63B3C89}
	EndGlobalSection
EndGlobal
