
Microsoft Visual Studio Solution File, Format Version 12.00
# Visual Studio Version 16
VisualStudioVersion = 16.0.29519.87
MinimumVisualStudioVersion = 10.0.40219.1
Project("{FAE04EC0-301F-11D3-BF4B-00C04F79EFBC}") = "3rd_lab_task_12_all", "3rd_lab_task_12_all\3rd_lab_task_12_all.csproj", "{2CBBB706-DEDD-4A8D-9B16-3AD5F71A3314}"
EndProject
Global
	GlobalSection(SolutionConfigurationPlatforms) = preSolution
		Debug|Any CPU = Debug|Any CPU
		Release|Any CPU = Release|Any CPU
	EndGlobalSection
	GlobalSection(ProjectConfigurationPlatforms) = postSolution
		{2CBBB706-DEDD-4A8D-9B16-3AD5F71A3314}.Debug|Any CPU.ActiveCfg = Debug|Any CPU
		{2CBBB706-DEDD-4A8D-9B16-3AD5F71A3314}.Debug|Any CPU.Build.0 = Debug|Any CPU
		{2CBBB706-DEDD-4A8D-9B16-3AD5F71A3314}.Release|Any CPU.ActiveCfg = Release|Any CPU
		{2CBBB706-DEDD-4A8D-9B16-3AD5F71A3314}.Release|Any CPU.Build.0 = Release|Any CPU
	EndGlobalSection
	GlobalSection(SolutionProperties) = preSolution
		HideSolutionNode = FALSE
	EndGlobalSection
	GlobalSection(ExtensibilityGlobals) = postSolution
		SolutionGuid = {EEB4CAB3-96B8-4897-B464-04B36D762C63}
	EndGlobalSection
EndGlobal
