
Microsoft Visual Studio Solution File, Format Version 12.00
# Visual Studio Version 16
VisualStudioVersion = 16.0.29102.190
MinimumVisualStudioVersion = 10.0.40219.1
Project("{FAE04EC0-301F-11D3-BF4B-00C04F79EFBC}") = "3rd_lab_task_10_dowhile", "3rd_lab_task_10_dowhile\3rd_lab_task_10_dowhile.csproj", "{FC539576-335F-4E52-BA72-A0ACE5F3D701}"
EndProject
Global
	GlobalSection(SolutionConfigurationPlatforms) = preSolution
		Debug|Any CPU = Debug|Any CPU
		Release|Any CPU = Release|Any CPU
	EndGlobalSection
	GlobalSection(ProjectConfigurationPlatforms) = postSolution
		{FC539576-335F-4E52-BA72-A0ACE5F3D701}.Debug|Any CPU.ActiveCfg = Debug|Any CPU
		{FC539576-335F-4E52-BA72-A0ACE5F3D701}.Debug|Any CPU.Build.0 = Debug|Any CPU
		{FC539576-335F-4E52-BA72-A0ACE5F3D701}.Release|Any CPU.ActiveCfg = Release|Any CPU
		{FC539576-335F-4E52-BA72-A0ACE5F3D701}.Release|Any CPU.Build.0 = Release|Any CPU
	EndGlobalSection
	GlobalSection(SolutionProperties) = preSolution
		HideSolutionNode = FALSE
	EndGlobalSection
	GlobalSection(ExtensibilityGlobals) = postSolution
		SolutionGuid = {6F3F2495-042E-4901-B0BA-9C08991D659B}
	EndGlobalSection
EndGlobal
