
Microsoft Visual Studio Solution File, Format Version 12.00
# Visual Studio Version 16
VisualStudioVersion = 16.0.29102.190
MinimumVisualStudioVersion = 10.0.40219.1
Project("{FAE04EC0-301F-11D3-BF4B-00C04F79EFBC}") = "3rd_lab_task_8_dowhile", "3rd_lab_task_8_dowhile\3rd_lab_task_8_dowhile.csproj", "{67B3FC61-AA3A-49B6-BA97-EF70F18495E6}"
EndProject
Global
	GlobalSection(SolutionConfigurationPlatforms) = preSolution
		Debug|Any CPU = Debug|Any CPU
		Release|Any CPU = Release|Any CPU
	EndGlobalSection
	GlobalSection(ProjectConfigurationPlatforms) = postSolution
		{67B3FC61-AA3A-49B6-BA97-EF70F18495E6}.Debug|Any CPU.ActiveCfg = Debug|Any CPU
		{67B3FC61-AA3A-49B6-BA97-EF70F18495E6}.Debug|Any CPU.Build.0 = Debug|Any CPU
		{67B3FC61-AA3A-49B6-BA97-EF70F18495E6}.Release|Any CPU.ActiveCfg = Release|Any CPU
		{67B3FC61-AA3A-49B6-BA97-EF70F18495E6}.Release|Any CPU.Build.0 = Release|Any CPU
	EndGlobalSection
	GlobalSection(SolutionProperties) = preSolution
		HideSolutionNode = FALSE
	EndGlobalSection
	GlobalSection(ExtensibilityGlobals) = postSolution
		SolutionGuid = {FD76B65A-E366-45D3-924E-840C70A1B6B1}
	EndGlobalSection
EndGlobal
