
Microsoft Visual Studio Solution File, Format Version 12.00
# Visual Studio Version 16
VisualStudioVersion = 16.0.29102.190
MinimumVisualStudioVersion = 10.0.40219.1
Project("{FAE04EC0-301F-11D3-BF4B-00C04F79EFBC}") = "3rd_lab_task_6_all", "3rd_lab_task_6_all\3rd_lab_task_6_all.csproj", "{1EFF469F-823C-4AC2-A6B8-4E3EBD6E864E}"
EndProject
Global
	GlobalSection(SolutionConfigurationPlatforms) = preSolution
		Debug|Any CPU = Debug|Any CPU
		Release|Any CPU = Release|Any CPU
	EndGlobalSection
	GlobalSection(ProjectConfigurationPlatforms) = postSolution
		{1EFF469F-823C-4AC2-A6B8-4E3EBD6E864E}.Debug|Any CPU.ActiveCfg = Debug|Any CPU
		{1EFF469F-823C-4AC2-A6B8-4E3EBD6E864E}.Debug|Any CPU.Build.0 = Debug|Any CPU
		{1EFF469F-823C-4AC2-A6B8-4E3EBD6E864E}.Release|Any CPU.ActiveCfg = Release|Any CPU
		{1EFF469F-823C-4AC2-A6B8-4E3EBD6E864E}.Release|Any CPU.Build.0 = Release|Any CPU
	EndGlobalSection
	GlobalSection(SolutionProperties) = preSolution
		HideSolutionNode = FALSE
	EndGlobalSection
	GlobalSection(ExtensibilityGlobals) = postSolution
		SolutionGuid = {FD8F8CCE-42F8-4D69-ACDD-7FEC6C2C5B51}
	EndGlobalSection
EndGlobal
