
Microsoft Visual Studio Solution File, Format Version 12.00
# Visual Studio Version 16
VisualStudioVersion = 16.0.29519.87
MinimumVisualStudioVersion = 10.0.40219.1
Project("{FAE04EC0-301F-11D3-BF4B-00C04F79EFBC}") = "turn_of_the_king", "turn_of_the_king\turn_of_the_king.csproj", "{AABCCE2B-C01A-4D91-88E0-6A2021A32970}"
EndProject
Global
	GlobalSection(SolutionConfigurationPlatforms) = preSolution
		Debug|Any CPU = Debug|Any CPU
		Release|Any CPU = Release|Any CPU
	EndGlobalSection
	GlobalSection(ProjectConfigurationPlatforms) = postSolution
		{AABCCE2B-C01A-4D91-88E0-6A2021A32970}.Debug|Any CPU.ActiveCfg = Debug|Any CPU
		{AABCCE2B-C01A-4D91-88E0-6A2021A32970}.Debug|Any CPU.Build.0 = Debug|Any CPU
		{AABCCE2B-C01A-4D91-88E0-6A2021A32970}.Release|Any CPU.ActiveCfg = Release|Any CPU
		{AABCCE2B-C01A-4D91-88E0-6A2021A32970}.Release|Any CPU.Build.0 = Release|Any CPU
	EndGlobalSection
	GlobalSection(SolutionProperties) = preSolution
		HideSolutionNode = FALSE
	EndGlobalSection
	GlobalSection(ExtensibilityGlobals) = postSolution
		SolutionGuid = {64CA5807-30C9-4878-9FDF-EF27C36CF30C}
	EndGlobalSection
EndGlobal
