
Microsoft Visual Studio Solution File, Format Version 12.00
# Visual Studio Version 16
VisualStudioVersion = 16.0.29102.190
MinimumVisualStudioVersion = 10.0.40219.1
Project("{FAE04EC0-301F-11D3-BF4B-00C04F79EFBC}") = "3rd_lab_task_9_for", "3rd_lab_task_9_for\3rd_lab_task_9_for.csproj", "{67258868-4214-47C8-BD73-C06F13947363}"
EndProject
Global
	GlobalSection(SolutionConfigurationPlatforms) = preSolution
		Debug|Any CPU = Debug|Any CPU
		Release|Any CPU = Release|Any CPU
	EndGlobalSection
	GlobalSection(ProjectConfigurationPlatforms) = postSolution
		{67258868-4214-47C8-BD73-C06F13947363}.Debug|Any CPU.ActiveCfg = Debug|Any CPU
		{67258868-4214-47C8-BD73-C06F13947363}.Debug|Any CPU.Build.0 = Debug|Any CPU
		{67258868-4214-47C8-BD73-C06F13947363}.Release|Any CPU.ActiveCfg = Release|Any CPU
		{67258868-4214-47C8-BD73-C06F13947363}.Release|Any CPU.Build.0 = Release|Any CPU
	EndGlobalSection
	GlobalSection(SolutionProperties) = preSolution
		HideSolutionNode = FALSE
	EndGlobalSection
	GlobalSection(ExtensibilityGlobals) = postSolution
		SolutionGuid = {86CCF99F-8E6F-468C-9B3E-A04B622E0556}
	EndGlobalSection
EndGlobal
